
Microsoft Visual Studio Solution File, Format Version 12.00
# Visual Studio 15
Project("{FAE04EC0-301F-11D3-BF4B-00C04F79EFBC}") = "Assembly-CSharp", "Assembly-CSharp.csproj", "{E21DAA46-A69D-F966-D4B8-363E16F7A7D1}"
EndProject
Project("{FAE04EC0-301F-11D3-BF4B-00C04F79EFBC}") = "Ink-Libraries", "Ink-Libraries.csproj", "{9475713E-283A-06FA-76C6-CC1D3945F212}"
EndProject
Project("{FAE04EC0-301F-11D3-BF4B-00C04F79EFBC}") = "Assembly-CSharp-Editor", "Assembly-CSharp-Editor.csproj", "{B98EA164-224E-91A8-190B-A4BD3CBF20E3}"
EndProject
Project("{FAE04EC0-301F-11D3-BF4B-00C04F79EFBC}") = "InkEditor", "InkEditor.csproj", "{1952F935-8438-4D54-8719-98D9D8C2DAE9}"
EndProject
Global
	GlobalSection(SolutionConfigurationPlatforms) = preSolution
		Debug|Any CPU = Debug|Any CPU
		Release|Any CPU = Release|Any CPU
	EndGlobalSection
	GlobalSection(ProjectConfigurationPlatforms) = postSolution
		{E21DAA46-A69D-F966-D4B8-363E16F7A7D1}.Debug|Any CPU.ActiveCfg = Debug|Any CPU
		{E21DAA46-A69D-F966-D4B8-363E16F7A7D1}.Debug|Any CPU.Build.0 = Debug|Any CPU
		{E21DAA46-A69D-F966-D4B8-363E16F7A7D1}.Release|Any CPU.ActiveCfg = Release|Any CPU
		{E21DAA46-A69D-F966-D4B8-363E16F7A7D1}.Release|Any CPU.Build.0 = Release|Any CPU
		{9475713E-283A-06FA-76C6-CC1D3945F212}.Debug|Any CPU.ActiveCfg = Debug|Any CPU
		{9475713E-283A-06FA-76C6-CC1D3945F212}.Debug|Any CPU.Build.0 = Debug|Any CPU
		{9475713E-283A-06FA-76C6-CC1D3945F212}.Release|Any CPU.ActiveCfg = Release|Any CPU
		{9475713E-283A-06FA-76C6-CC1D3945F212}.Release|Any CPU.Build.0 = Release|Any CPU
		{B98EA164-224E-91A8-190B-A4BD3CBF20E3}.Debug|Any CPU.ActiveCfg = Debug|Any CPU
		{B98EA164-224E-91A8-190B-A4BD3CBF20E3}.Debug|Any CPU.Build.0 = Debug|Any CPU
		{B98EA164-224E-91A8-190B-A4BD3CBF20E3}.Release|Any CPU.ActiveCfg = Release|Any CPU
		{B98EA164-224E-91A8-190B-A4BD3CBF20E3}.Release|Any CPU.Build.0 = Release|Any CPU
		{1952F935-8438-4D54-8719-98D9D8C2DAE9}.Debug|Any CPU.ActiveCfg = Debug|Any CPU
		{1952F935-8438-4D54-8719-98D9D8C2DAE9}.Debug|Any CPU.Build.0 = Debug|Any CPU
		{1952F935-8438-4D54-8719-98D9D8C2DAE9}.Release|Any CPU.ActiveCfg = Release|Any CPU
		{1952F935-8438-4D54-8719-98D9D8C2DAE9}.Release|Any CPU.Build.0 = Release|Any CPU
	EndGlobalSection
	GlobalSection(SolutionProperties) = preSolution
		HideSolutionNode = FALSE
	EndGlobalSection
EndGlobal
